// !$*UTF8*$!
{
	archiveVersion = 1;
	classes = {
	};
	objectVersion = 46;
	objects = {

/* Begin PBXBuildFile section */
		B530141918BEA8780058779B /* Foundation.framework in Frameworks */ = {isa = PBXBuildFile; fileRef = B530141818BEA8780058779B /* Foundation.framework */; };
		B530141B18BEA8780058779B /* CoreGraphics.framework in Frameworks */ = {isa = PBXBuildFile; fileRef = B530141A18BEA8780058779B /* CoreGraphics.framework */; };
		B530141D18BEA8780058779B /* UIKit.framework in Frameworks */ = {isa = PBXBuildFile; fileRef = B530141C18BEA8780058779B /* UIKit.framework */; };
		B530142318BEA8780058779B /* InfoPlist.strings in Resources */ = {isa = PBXBuildFile; fileRef = B530142118BEA8780058779B /* InfoPlist.strings */; };
		B530142518BEA8780058779B /* main.m in Sources */ = {isa = PBXBuildFile; fileRef = B530142418BEA8780058779B /* main.m */; };
		B530142918BEA8780058779B /* AppDelegate.m in Sources */ = {isa = PBXBuildFile; fileRef = B530142818BEA8780058779B /* AppDelegate.m */; };
		B530142C18BEA8780058779B /* Main.storyboard in Resources */ = {isa = PBXBuildFile; fileRef = B530142A18BEA8780058779B /* Main.storyboard */; };
		B530142F18BEA8780058779B /* MainViewController.m in Sources */ = {isa = PBXBuildFile; fileRef = B530142E18BEA8780058779B /* MainViewController.m */; };
		B530143118BEA8780058779B /* Images.xcassets in Resources */ = {isa = PBXBuildFile; fileRef = B530143018BEA8780058779B /* Images.xcassets */; };
		B530143818BEA8790058779B /* XCTest.framework in Frameworks */ = {isa = PBXBuildFile; fileRef = B530143718BEA8790058779B /* XCTest.framework */; };
		B530143918BEA8790058779B /* Foundation.framework in Frameworks */ = {isa = PBXBuildFile; fileRef = B530141818BEA8780058779B /* Foundation.framework */; };
		B530143A18BEA8790058779B /* UIKit.framework in Frameworks */ = {isa = PBXBuildFile; fileRef = B530141C18BEA8780058779B /* UIKit.framework */; };
		B530144218BEA8790058779B /* InfoPlist.strings in Resources */ = {isa = PBXBuildFile; fileRef = B530144018BEA8790058779B /* InfoPlist.strings */; };
		B530144418BEA8790058779B /* CabinTests.m in Sources */ = {isa = PBXBuildFile; fileRef = B530144318BEA8790058779B /* CabinTests.m */; };
		B54AF52918BEB503003A4D2F /* btn_white_dot.png in Resources */ = {isa = PBXBuildFile; fileRef = B54AF52818BEB503003A4D2F /* btn_white_dot.png */; };
		B54AF52C18BEB6EC003A4D2F /* AboutViewController.m in Sources */ = {isa = PBXBuildFile; fileRef = B54AF52B18BEB6EC003A4D2F /* AboutViewController.m */; };
		B54AF52F18BECCB0003A4D2F /* TestSample.m in Sources */ = {isa = PBXBuildFile; fileRef = B54AF52E18BECCB0003A4D2F /* TestSample.m */; };
		B54AF53218BED1A6003A4D2F /* TestCompleteViewController.m in Sources */ = {isa = PBXBuildFile; fileRef = B54AF53118BED1A6003A4D2F /* TestCompleteViewController.m */; };
		B54AF53618BED8BF003A4D2F /* TestResult.m in Sources */ = {isa = PBXBuildFile; fileRef = B54AF53518BED8BF003A4D2F /* TestResult.m */; };
		B54AF53918BEED49003A4D2F /* NSDictionary+JSON.m in Sources */ = {isa = PBXBuildFile; fileRef = B54AF53818BEED49003A4D2F /* NSDictionary+JSON.m */; };
		B54AF53F18BEF38C003A4D2F /* ResultListController.m in Sources */ = {isa = PBXBuildFile; fileRef = B54AF53E18BEF38C003A4D2F /* ResultListController.m */; };
		B54AF54218BF040C003A4D2F /* DataService.m in Sources */ = {isa = PBXBuildFile; fileRef = B54AF54118BF040C003A4D2F /* DataService.m */; };
		B55F13921901F78C00F6FA0D /* SettingsViewController.m in Sources */ = {isa = PBXBuildFile; fileRef = B55F13911901F78C00F6FA0D /* SettingsViewController.m */; };
		B56243A9199FC9C7007E5924 /* DateHelper.m in Sources */ = {isa = PBXBuildFile; fileRef = B56243A8199FC9C7007E5924 /* DateHelper.m */; };
		B56243AC199FC9DD007E5924 /* StringHelper.m in Sources */ = {isa = PBXBuildFile; fileRef = B56243AB199FC9DD007E5924 /* StringHelper.m */; };
		B56243AF199FEBDE007E5924 /* Base64.m in Sources */ = {isa = PBXBuildFile; fileRef = B56243AE199FEBDE007E5924 /* Base64.m */; };
		B56243B1199FF33B007E5924 /* cabin_logo.png in Resources */ = {isa = PBXBuildFile; fileRef = B56243B0199FF33B007E5924 /* cabin_logo.png */; };
		B5834E8D18D91AD700E57093 /* 207Fcrop.jpg in Resources */ = {isa = PBXBuildFile; fileRef = B5834E6518D91AD700E57093 /* 207Fcrop.jpg */; };
		B5834E8E18D91AD700E57093 /* 207Ncrop.jpg in Resources */ = {isa = PBXBuildFile; fileRef = B5834E6618D91AD700E57093 /* 207Ncrop.jpg */; };
		B5834E8F18D91AD700E57093 /* 208Fcrop.jpg in Resources */ = {isa = PBXBuildFile; fileRef = B5834E6718D91AD700E57093 /* 208Fcrop.jpg */; };
		B5834E9018D91AD700E57093 /* 208Ncrop.jpg in Resources */ = {isa = PBXBuildFile; fileRef = B5834E6818D91AD700E57093 /* 208Ncrop.jpg */; };
		B5834E9118D91AD700E57093 /* 213Fcrop.jpg in Resources */ = {isa = PBXBuildFile; fileRef = B5834E6918D91AD700E57093 /* 213Fcrop.jpg */; };
		B5834E9218D91AD700E57093 /* 213Ncrop.jpg in Resources */ = {isa = PBXBuildFile; fileRef = B5834E6A18D91AD700E57093 /* 213Ncrop.jpg */; };
		B5834E9318D91AD700E57093 /* 217Fcrop.jpg in Resources */ = {isa = PBXBuildFile; fileRef = B5834E6B18D91AD700E57093 /* 217Fcrop.jpg */; };
		B5834E9418D91AD700E57093 /* 217Ncrop.jpg in Resources */ = {isa = PBXBuildFile; fileRef = B5834E6C18D91AD700E57093 /* 217Ncrop.jpg */; };
		B5834E9518D91AD700E57093 /* AF01AFS.jpg in Resources */ = {isa = PBXBuildFile; fileRef = B5834E6D18D91AD700E57093 /* AF01AFS.jpg */; };
		B5834E9618D91AD700E57093 /* AF01NES.jpg in Resources */ = {isa = PBXBuildFile; fileRef = B5834E6E18D91AD700E57093 /* AF01NES.jpg */; };
		B5834E9718D91AD700E57093 /* AF13AFS.jpg in Resources */ = {isa = PBXBuildFile; fileRef = B5834E6F18D91AD700E57093 /* AF13AFS.jpg */; };
		B5834E9818D91AD700E57093 /* AF13NES.jpg in Resources */ = {isa = PBXBuildFile; fileRef = B5834E7018D91AD700E57093 /* AF13NES.jpg */; };
		B5834E9918D91AD700E57093 /* AF14AFS.jpg in Resources */ = {isa = PBXBuildFile; fileRef = B5834E7118D91AD700E57093 /* AF14AFS.jpg */; };
		B5834E9A18D91AD700E57093 /* AF14NES.jpg in Resources */ = {isa = PBXBuildFile; fileRef = B5834E7218D91AD700E57093 /* AF14NES.jpg */; };
		B5834E9B18D91AD700E57093 /* AF19AFS.jpg in Resources */ = {isa = PBXBuildFile; fileRef = B5834E7318D91AD700E57093 /* AF19AFS.jpg */; };
		B5834E9C18D91AD700E57093 /* AF19NES.jpg in Resources */ = {isa = PBXBuildFile; fileRef = B5834E7418D91AD700E57093 /* AF19NES.jpg */; };
		B5834E9D18D91AD700E57093 /* AF22AFS.jpg in Resources */ = {isa = PBXBuildFile; fileRef = B5834E7518D91AD700E57093 /* AF22AFS.jpg */; };
		B5834E9E18D91AD700E57093 /* AF22NES.jpg in Resources */ = {isa = PBXBuildFile; fileRef = B5834E7618D91AD700E57093 /* AF22NES.jpg */; };
		B5834E9F18D91AD700E57093 /* AF24AFS.jpg in Resources */ = {isa = PBXBuildFile; fileRef = B5834E7718D91AD700E57093 /* AF24AFS.jpg */; };
		B5834EA018D91AD700E57093 /* AF24NES.jpg in Resources */ = {isa = PBXBuildFile; fileRef = B5834E7818D91AD700E57093 /* AF24NES.jpg */; };
		B5834EA118D91AD700E57093 /* AF30AFS.jpg in Resources */ = {isa = PBXBuildFile; fileRef = B5834E7918D91AD700E57093 /* AF30AFS.jpg */; };
		B5834EA218D91AD700E57093 /* AF30NES.jpg in Resources */ = {isa = PBXBuildFile; fileRef = B5834E7A18D91AD700E57093 /* AF30NES.jpg */; };
		B5834EA318D91AD700E57093 /* AF32AFS.jpg in Resources */ = {isa = PBXBuildFile; fileRef = B5834E7B18D91AD700E57093 /* AF32AFS.jpg */; };
		B5834EA418D91AD700E57093 /* AF32NES.jpg in Resources */ = {isa = PBXBuildFile; fileRef = B5834E7C18D91AD700E57093 /* AF32NES.jpg */; };
		B5834EA518D91AD700E57093 /* AM09AFS.jpg in Resources */ = {isa = PBXBuildFile; fileRef = B5834E7D18D91AD700E57093 /* AM09AFS.jpg */; };
		B5834EA618D91AD700E57093 /* AM09NES.jpg in Resources */ = {isa = PBXBuildFile; fileRef = B5834E7E18D91AD700E57093 /* AM09NES.jpg */; };
		B5834EA718D91AD700E57093 /* AM10AFS.jpg in Resources */ = {isa = PBXBuildFile; fileRef = B5834E7F18D91AD700E57093 /* AM10AFS.jpg */; };
		B5834EA818D91AD700E57093 /* AM10NES.jpg in Resources */ = {isa = PBXBuildFile; fileRef = B5834E8018D91AD700E57093 /* AM10NES.jpg */; };
		B5834EA918D91AD700E57093 /* AM17AFS.jpg in Resources */ = {isa = PBXBuildFile; fileRef = B5834E8118D91AD700E57093 /* AM17AFS.jpg */; };
		B5834EAA18D91AD700E57093 /* AM17NES.jpg in Resources */ = {isa = PBXBuildFile; fileRef = B5834E8218D91AD700E57093 /* AM17NES.jpg */; };
		B5834EAB18D91AD700E57093 /* AM22AFS.jpg in Resources */ = {isa = PBXBuildFile; fileRef = B5834E8318D91AD700E57093 /* AM22AFS.jpg */; };
		B5834EAC18D91AD700E57093 /* AM22NES.jpg in Resources */ = {isa = PBXBuildFile; fileRef = B5834E8418D91AD700E57093 /* AM22NES.jpg */; };
		B5834EAD18D91AD700E57093 /* AM23AFS.jpg in Resources */ = {isa = PBXBuildFile; fileRef = B5834E8518D91AD700E57093 /* AM23AFS.jpg */; };
		B5834EAE18D91AD700E57093 /* AM23NES.jpg in Resources */ = {isa = PBXBuildFile; fileRef = B5834E8618D91AD700E57093 /* AM23NES.jpg */; };
		B5834EAF18D91AD700E57093 /* AM31AFS.jpg in Resources */ = {isa = PBXBuildFile; fileRef = B5834E8718D91AD700E57093 /* AM31AFS.jpg */; };
		B5834EB018D91AD700E57093 /* AM31NES.jpg in Resources */ = {isa = PBXBuildFile; fileRef = B5834E8818D91AD700E57093 /* AM31NES.jpg */; };
		B5834EB118D91AD700E57093 /* AM34AFS.jpg in Resources */ = {isa = PBXBuildFile; fileRef = B5834E8918D91AD700E57093 /* AM34AFS.jpg */; };
		B5834EB218D91AD700E57093 /* AM34NES.jpg in Resources */ = {isa = PBXBuildFile; fileRef = B5834E8A18D91AD700E57093 /* AM34NES.jpg */; };
		B5834EB318D91AD700E57093 /* AM35AFS.jpg in Resources */ = {isa = PBXBuildFile; fileRef = B5834E8B18D91AD700E57093 /* AM35AFS.jpg */; };
		B5834EB418D91AD700E57093 /* AM35NES.jpg in Resources */ = {isa = PBXBuildFile; fileRef = B5834E8C18D91AD700E57093 /* AM35NES.jpg */; };
		B5834EB618D92BEC00E57093 /* cross.png in Resources */ = {isa = PBXBuildFile; fileRef = B5834EB518D92BEC00E57093 /* cross.png */; };
		B5EE3C9418BEB01A00D5D60A /* TestViewController.m in Sources */ = {isa = PBXBuildFile; fileRef = B5EE3C9318BEB01A00D5D60A /* TestViewController.m */; };
/* End PBXBuildFile section */

/* Begin PBXContainerItemProxy section */
		B530143B18BEA8790058779B /* PBXContainerItemProxy */ = {
			isa = PBXContainerItemProxy;
			containerPortal = B530140D18BEA8780058779B /* Project object */;
			proxyType = 1;
			remoteGlobalIDString = B530141418BEA8780058779B;
			remoteInfo = Cabin;
		};
/* End PBXContainerItemProxy section */

/* Begin PBXFileReference section */
		B530141518BEA8780058779B /* Cabin.app */ = {isa = PBXFileReference; explicitFileType = wrapper.application; includeInIndex = 0; path = Cabin.app; sourceTree = BUILT_PRODUCTS_DIR; };
		B530141818BEA8780058779B /* Foundation.framework */ = {isa = PBXFileReference; lastKnownFileType = wrapper.framework; name = Foundation.framework; path = System/Library/Frameworks/Foundation.framework; sourceTree = SDKROOT; };
		B530141A18BEA8780058779B /* CoreGraphics.framework */ = {isa = PBXFileReference; lastKnownFileType = wrapper.framework; name = CoreGraphics.framework; path = System/Library/Frameworks/CoreGraphics.framework; sourceTree = SDKROOT; };
		B530141C18BEA8780058779B /* UIKit.framework */ = {isa = PBXFileReference; lastKnownFileType = wrapper.framework; name = UIKit.framework; path = System/Library/Frameworks/UIKit.framework; sourceTree = SDKROOT; };
		B530142018BEA8780058779B /* Cabin-Info.plist */ = {isa = PBXFileReference; lastKnownFileType = text.plist.xml; path = "Cabin-Info.plist"; sourceTree = "<group>"; };
		B530142218BEA8780058779B /* en */ = {isa = PBXFileReference; lastKnownFileType = text.plist.strings; name = en; path = en.lproj/InfoPlist.strings; sourceTree = "<group>"; };
		B530142418BEA8780058779B /* main.m */ = {isa = PBXFileReference; lastKnownFileType = sourcecode.c.objc; path = main.m; sourceTree = "<group>"; };
		B530142618BEA8780058779B /* Cabin-Prefix.pch */ = {isa = PBXFileReference; lastKnownFileType = sourcecode.c.h; path = "Cabin-Prefix.pch"; sourceTree = "<group>"; };
		B530142718BEA8780058779B /* AppDelegate.h */ = {isa = PBXFileReference; lastKnownFileType = sourcecode.c.h; path = AppDelegate.h; sourceTree = "<group>"; };
		B530142818BEA8780058779B /* AppDelegate.m */ = {isa = PBXFileReference; lastKnownFileType = sourcecode.c.objc; path = AppDelegate.m; sourceTree = "<group>"; };
		B530142B18BEA8780058779B /* Base */ = {isa = PBXFileReference; lastKnownFileType = file.storyboard; name = Base; path = Base.lproj/Main.storyboard; sourceTree = "<group>"; };
		B530142D18BEA8780058779B /* MainViewController.h */ = {isa = PBXFileReference; lastKnownFileType = sourcecode.c.h; path = MainViewController.h; sourceTree = "<group>"; };
		B530142E18BEA8780058779B /* MainViewController.m */ = {isa = PBXFileReference; lastKnownFileType = sourcecode.c.objc; path = MainViewController.m; sourceTree = "<group>"; };
		B530143018BEA8780058779B /* Images.xcassets */ = {isa = PBXFileReference; lastKnownFileType = folder.assetcatalog; path = Images.xcassets; sourceTree = "<group>"; };
		B530143618BEA8790058779B /* CabinTests.xctest */ = {isa = PBXFileReference; explicitFileType = wrapper.cfbundle; includeInIndex = 0; path = CabinTests.xctest; sourceTree = BUILT_PRODUCTS_DIR; };
		B530143718BEA8790058779B /* XCTest.framework */ = {isa = PBXFileReference; lastKnownFileType = wrapper.framework; name = XCTest.framework; path = Library/Frameworks/XCTest.framework; sourceTree = DEVELOPER_DIR; };
		B530143F18BEA8790058779B /* CabinTests-Info.plist */ = {isa = PBXFileReference; lastKnownFileType = text.plist.xml; path = "CabinTests-Info.plist"; sourceTree = "<group>"; };
		B530144118BEA8790058779B /* en */ = {isa = PBXFileReference; lastKnownFileType = text.plist.strings; name = en; path = en.lproj/InfoPlist.strings; sourceTree = "<group>"; };
		B530144318BEA8790058779B /* CabinTests.m */ = {isa = PBXFileReference; lastKnownFileType = sourcecode.c.objc; path = CabinTests.m; sourceTree = "<group>"; };
		B54AF52818BEB503003A4D2F /* btn_white_dot.png */ = {isa = PBXFileReference; lastKnownFileType = image.png; path = btn_white_dot.png; sourceTree = "<group>"; };
		B54AF52A18BEB6EC003A4D2F /* AboutViewController.h */ = {isa = PBXFileReference; fileEncoding = 4; lastKnownFileType = sourcecode.c.h; path = AboutViewController.h; sourceTree = "<group>"; };
		B54AF52B18BEB6EC003A4D2F /* AboutViewController.m */ = {isa = PBXFileReference; fileEncoding = 4; lastKnownFileType = sourcecode.c.objc; path = AboutViewController.m; sourceTree = "<group>"; };
		B54AF52D18BECCB0003A4D2F /* TestSample.h */ = {isa = PBXFileReference; fileEncoding = 4; lastKnownFileType = sourcecode.c.h; path = TestSample.h; sourceTree = "<group>"; };
		B54AF52E18BECCB0003A4D2F /* TestSample.m */ = {isa = PBXFileReference; fileEncoding = 4; lastKnownFileType = sourcecode.c.objc; path = TestSample.m; sourceTree = "<group>"; };
		B54AF53018BED1A6003A4D2F /* TestCompleteViewController.h */ = {isa = PBXFileReference; fileEncoding = 4; lastKnownFileType = sourcecode.c.h; path = TestCompleteViewController.h; sourceTree = "<group>"; };
		B54AF53118BED1A6003A4D2F /* TestCompleteViewController.m */ = {isa = PBXFileReference; fileEncoding = 4; lastKnownFileType = sourcecode.c.objc; path = TestCompleteViewController.m; sourceTree = "<group>"; };
		B54AF53318BED578003A4D2F /* TestViewDelegate.h */ = {isa = PBXFileReference; fileEncoding = 4; lastKnownFileType = sourcecode.c.h; path = TestViewDelegate.h; sourceTree = "<group>"; };
		B54AF53418BED8BF003A4D2F /* TestResult.h */ = {isa = PBXFileReference; fileEncoding = 4; lastKnownFileType = sourcecode.c.h; path = TestResult.h; sourceTree = "<group>"; };
		B54AF53518BED8BF003A4D2F /* TestResult.m */ = {isa = PBXFileReference; fileEncoding = 4; lastKnownFileType = sourcecode.c.objc; path = TestResult.m; sourceTree = "<group>"; };
		B54AF53718BEED49003A4D2F /* NSDictionary+JSON.h */ = {isa = PBXFileReference; fileEncoding = 4; lastKnownFileType = sourcecode.c.h; path = "NSDictionary+JSON.h"; sourceTree = "<group>"; };
		B54AF53818BEED49003A4D2F /* NSDictionary+JSON.m */ = {isa = PBXFileReference; fileEncoding = 4; lastKnownFileType = sourcecode.c.objc; path = "NSDictionary+JSON.m"; sourceTree = "<group>"; };
		B54AF53D18BEF38C003A4D2F /* ResultListController.h */ = {isa = PBXFileReference; fileEncoding = 4; lastKnownFileType = sourcecode.c.h; path = ResultListController.h; sourceTree = "<group>"; };
		B54AF53E18BEF38C003A4D2F /* ResultListController.m */ = {isa = PBXFileReference; fileEncoding = 4; lastKnownFileType = sourcecode.c.objc; path = ResultListController.m; sourceTree = "<group>"; };
		B54AF54018BF040C003A4D2F /* DataService.h */ = {isa = PBXFileReference; fileEncoding = 4; lastKnownFileType = sourcecode.c.h; path = DataService.h; sourceTree = "<group>"; };
		B54AF54118BF040C003A4D2F /* DataService.m */ = {isa = PBXFileReference; fileEncoding = 4; lastKnownFileType = sourcecode.c.objc; path = DataService.m; sourceTree = "<group>"; };
		B55F13901901F78C00F6FA0D /* SettingsViewController.h */ = {isa = PBXFileReference; fileEncoding = 4; lastKnownFileType = sourcecode.c.h; path = SettingsViewController.h; sourceTree = "<group>"; };
		B55F13911901F78C00F6FA0D /* SettingsViewController.m */ = {isa = PBXFileReference; fileEncoding = 4; lastKnownFileType = sourcecode.c.objc; path = SettingsViewController.m; sourceTree = "<group>"; };
		B56243A7199FC9C7007E5924 /* DateHelper.h */ = {isa = PBXFileReference; fileEncoding = 4; lastKnownFileType = sourcecode.c.h; path = DateHelper.h; sourceTree = "<group>"; };
		B56243A8199FC9C7007E5924 /* DateHelper.m */ = {isa = PBXFileReference; fileEncoding = 4; lastKnownFileType = sourcecode.c.objc; path = DateHelper.m; sourceTree = "<group>"; };
		B56243AA199FC9DD007E5924 /* StringHelper.h */ = {isa = PBXFileReference; fileEncoding = 4; lastKnownFileType = sourcecode.c.h; path = StringHelper.h; sourceTree = "<group>"; };
		B56243AB199FC9DD007E5924 /* StringHelper.m */ = {isa = PBXFileReference; fileEncoding = 4; lastKnownFileType = sourcecode.c.objc; path = StringHelper.m; sourceTree = "<group>"; };
		B56243AD199FEBDE007E5924 /* Base64.h */ = {isa = PBXFileReference; fileEncoding = 4; lastKnownFileType = sourcecode.c.h; path = Base64.h; sourceTree = "<group>"; };
		B56243AE199FEBDE007E5924 /* Base64.m */ = {isa = PBXFileReference; fileEncoding = 4; lastKnownFileType = sourcecode.c.objc; path = Base64.m; sourceTree = "<group>"; };
		B56243B0199FF33B007E5924 /* cabin_logo.png */ = {isa = PBXFileReference; lastKnownFileType = image.png; path = cabin_logo.png; sourceTree = "<group>"; };
		B5834E6518D91AD700E57093 /* 207Fcrop.jpg */ = {isa = PBXFileReference; lastKnownFileType = image.jpeg; path = 207Fcrop.jpg; sourceTree = "<group>"; };
		B5834E6618D91AD700E57093 /* 207Ncrop.jpg */ = {isa = PBXFileReference; lastKnownFileType = image.jpeg; path = 207Ncrop.jpg; sourceTree = "<group>"; };
		B5834E6718D91AD700E57093 /* 208Fcrop.jpg */ = {isa = PBXFileReference; lastKnownFileType = image.jpeg; path = 208Fcrop.jpg; sourceTree = "<group>"; };
		B5834E6818D91AD700E57093 /* 208Ncrop.jpg */ = {isa = PBXFileReference; lastKnownFileType = image.jpeg; path = 208Ncrop.jpg; sourceTree = "<group>"; };
		B5834E6918D91AD700E57093 /* 213Fcrop.jpg */ = {isa = PBXFileReference; lastKnownFileType = image.jpeg; path = 213Fcrop.jpg; sourceTree = "<group>"; };
		B5834E6A18D91AD700E57093 /* 213Ncrop.jpg */ = {isa = PBXFileReference; lastKnownFileType = image.jpeg; path = 213Ncrop.jpg; sourceTree = "<group>"; };
		B5834E6B18D91AD700E57093 /* 217Fcrop.jpg */ = {isa = PBXFileReference; lastKnownFileType = image.jpeg; path = 217Fcrop.jpg; sourceTree = "<group>"; };
		B5834E6C18D91AD700E57093 /* 217Ncrop.jpg */ = {isa = PBXFileReference; lastKnownFileType = image.jpeg; path = 217Ncrop.jpg; sourceTree = "<group>"; };
		B5834E6D18D91AD700E57093 /* AF01AFS.jpg */ = {isa = PBXFileReference; lastKnownFileType = image.jpeg; path = AF01AFS.jpg; sourceTree = "<group>"; };
		B5834E6E18D91AD700E57093 /* AF01NES.jpg */ = {isa = PBXFileReference; lastKnownFileType = image.jpeg; path = AF01NES.jpg; sourceTree = "<group>"; };
		B5834E6F18D91AD700E57093 /* AF13AFS.jpg */ = {isa = PBXFileReference; lastKnownFileType = image.jpeg; path = AF13AFS.jpg; sourceTree = "<group>"; };
		B5834E7018D91AD700E57093 /* AF13NES.jpg */ = {isa = PBXFileReference; lastKnownFileType = image.jpeg; path = AF13NES.jpg; sourceTree = "<group>"; };
		B5834E7118D91AD700E57093 /* AF14AFS.jpg */ = {isa = PBXFileReference; lastKnownFileType = image.jpeg; path = AF14AFS.jpg; sourceTree = "<group>"; };
		B5834E7218D91AD700E57093 /* AF14NES.jpg */ = {isa = PBXFileReference; lastKnownFileType = image.jpeg; path = AF14NES.jpg; sourceTree = "<group>"; };
		B5834E7318D91AD700E57093 /* AF19AFS.jpg */ = {isa = PBXFileReference; lastKnownFileType = image.jpeg; path = AF19AFS.jpg; sourceTree = "<group>"; };
		B5834E7418D91AD700E57093 /* AF19NES.jpg */ = {isa = PBXFileReference; lastKnownFileType = image.jpeg; path = AF19NES.jpg; sourceTree = "<group>"; };
		B5834E7518D91AD700E57093 /* AF22AFS.jpg */ = {isa = PBXFileReference; lastKnownFileType = image.jpeg; path = AF22AFS.jpg; sourceTree = "<group>"; };
		B5834E7618D91AD700E57093 /* AF22NES.jpg */ = {isa = PBXFileReference; lastKnownFileType = image.jpeg; path = AF22NES.jpg; sourceTree = "<group>"; };
		B5834E7718D91AD700E57093 /* AF24AFS.jpg */ = {isa = PBXFileReference; lastKnownFileType = image.jpeg; path = AF24AFS.jpg; sourceTree = "<group>"; };
		B5834E7818D91AD700E57093 /* AF24NES.jpg */ = {isa = PBXFileReference; lastKnownFileType = image.jpeg; path = AF24NES.jpg; sourceTree = "<group>"; };
		B5834E7918D91AD700E57093 /* AF30AFS.jpg */ = {isa = PBXFileReference; lastKnownFileType = image.jpeg; path = AF30AFS.jpg; sourceTree = "<group>"; };
		B5834E7A18D91AD700E57093 /* AF30NES.jpg */ = {isa = PBXFileReference; lastKnownFileType = image.jpeg; path = AF30NES.jpg; sourceTree = "<group>"; };
		B5834E7B18D91AD700E57093 /* AF32AFS.jpg */ = {isa = PBXFileReference; lastKnownFileType = image.jpeg; path = AF32AFS.jpg; sourceTree = "<group>"; };
		B5834E7C18D91AD700E57093 /* AF32NES.jpg */ = {isa = PBXFileReference; lastKnownFileType = image.jpeg; path = AF32NES.jpg; sourceTree = "<group>"; };
		B5834E7D18D91AD700E57093 /* AM09AFS.jpg */ = {isa = PBXFileReference; lastKnownFileType = image.jpeg; path = AM09AFS.jpg; sourceTree = "<group>"; };
		B5834E7E18D91AD700E57093 /* AM09NES.jpg */ = {isa = PBXFileReference; lastKnownFileType = image.jpeg; path = AM09NES.jpg; sourceTree = "<group>"; };
		B5834E7F18D91AD700E57093 /* AM10AFS.jpg */ = {isa = PBXFileReference; lastKnownFileType = image.jpeg; path = AM10AFS.jpg; sourceTree = "<group>"; };
		B5834E8018D91AD700E57093 /* AM10NES.jpg */ = {isa = PBXFileReference; lastKnownFileType = image.jpeg; path = AM10NES.jpg; sourceTree = "<group>"; };
		B5834E8118D91AD700E57093 /* AM17AFS.jpg */ = {isa = PBXFileReference; lastKnownFileType = image.jpeg; path = AM17AFS.jpg; sourceTree = "<group>"; };
		B5834E8218D91AD700E57093 /* AM17NES.jpg */ = {isa = PBXFileReference; lastKnownFileType = image.jpeg; path = AM17NES.jpg; sourceTree = "<group>"; };
		B5834E8318D91AD700E57093 /* AM22AFS.jpg */ = {isa = PBXFileReference; lastKnownFileType = image.jpeg; path = AM22AFS.jpg; sourceTree = "<group>"; };
		B5834E8418D91AD700E57093 /* AM22NES.jpg */ = {isa = PBXFileReference; lastKnownFileType = image.jpeg; path = AM22NES.jpg; sourceTree = "<group>"; };
		B5834E8518D91AD700E57093 /* AM23AFS.jpg */ = {isa = PBXFileReference; lastKnownFileType = image.jpeg; path = AM23AFS.jpg; sourceTree = "<group>"; };
		B5834E8618D91AD700E57093 /* AM23NES.jpg */ = {isa = PBXFileReference; lastKnownFileType = image.jpeg; path = AM23NES.jpg; sourceTree = "<group>"; };
		B5834E8718D91AD700E57093 /* AM31AFS.jpg */ = {isa = PBXFileReference; lastKnownFileType = image.jpeg; path = AM31AFS.jpg; sourceTree = "<group>"; };
		B5834E8818D91AD700E57093 /* AM31NES.jpg */ = {isa = PBXFileReference; lastKnownFileType = image.jpeg; path = AM31NES.jpg; sourceTree = "<group>"; };
		B5834E8918D91AD700E57093 /* AM34AFS.jpg */ = {isa = PBXFileReference; lastKnownFileType = image.jpeg; path = AM34AFS.jpg; sourceTree = "<group>"; };
		B5834E8A18D91AD700E57093 /* AM34NES.jpg */ = {isa = PBXFileReference; lastKnownFileType = image.jpeg; path = AM34NES.jpg; sourceTree = "<group>"; };
		B5834E8B18D91AD700E57093 /* AM35AFS.jpg */ = {isa = PBXFileReference; lastKnownFileType = image.jpeg; path = AM35AFS.jpg; sourceTree = "<group>"; };
		B5834E8C18D91AD700E57093 /* AM35NES.jpg */ = {isa = PBXFileReference; lastKnownFileType = image.jpeg; path = AM35NES.jpg; sourceTree = "<group>"; };
		B5834EB518D92BEC00E57093 /* cross.png */ = {isa = PBXFileReference; lastKnownFileType = image.png; path = cross.png; sourceTree = "<group>"; };
		B5EE3C9218BEB01A00D5D60A /* TestViewController.h */ = {isa = PBXFileReference; fileEncoding = 4; lastKnownFileType = sourcecode.c.h; path = TestViewController.h; sourceTree = "<group>"; };
		B5EE3C9318BEB01A00D5D60A /* TestViewController.m */ = {isa = PBXFileReference; fileEncoding = 4; lastKnownFileType = sourcecode.c.objc; path = TestViewController.m; sourceTree = "<group>"; };
/* End PBXFileReference section */

/* Begin PBXFrameworksBuildPhase section */
		B530141218BEA8780058779B /* Frameworks */ = {
			isa = PBXFrameworksBuildPhase;
			buildActionMask = 2147483647;
			files = (
				B530141B18BEA8780058779B /* CoreGraphics.framework in Frameworks */,
				B530141D18BEA8780058779B /* UIKit.framework in Frameworks */,
				B530141918BEA8780058779B /* Foundation.framework in Frameworks */,
			);
			runOnlyForDeploymentPostprocessing = 0;
		};
		B530143318BEA8790058779B /* Frameworks */ = {
			isa = PBXFrameworksBuildPhase;
			buildActionMask = 2147483647;
			files = (
				B530143818BEA8790058779B /* XCTest.framework in Frameworks */,
				B530143A18BEA8790058779B /* UIKit.framework in Frameworks */,
				B530143918BEA8790058779B /* Foundation.framework in Frameworks */,
			);
			runOnlyForDeploymentPostprocessing = 0;
		};
/* End PBXFrameworksBuildPhase section */

/* Begin PBXGroup section */
		B530140C18BEA8780058779B = {
			isa = PBXGroup;
			children = (
				B530141E18BEA8780058779B /* Cabin */,
				B530143D18BEA8790058779B /* CabinTests */,
				B530141718BEA8780058779B /* Frameworks */,
				B530141618BEA8780058779B /* Products */,
			);
			sourceTree = "<group>";
		};
		B530141618BEA8780058779B /* Products */ = {
			isa = PBXGroup;
			children = (
				B530141518BEA8780058779B /* Cabin.app */,
				B530143618BEA8790058779B /* CabinTests.xctest */,
			);
			name = Products;
			sourceTree = "<group>";
		};
		B530141718BEA8780058779B /* Frameworks */ = {
			isa = PBXGroup;
			children = (
				B530141818BEA8780058779B /* Foundation.framework */,
				B530141A18BEA8780058779B /* CoreGraphics.framework */,
				B530141C18BEA8780058779B /* UIKit.framework */,
				B530143718BEA8790058779B /* XCTest.framework */,
			);
			name = Frameworks;
			sourceTree = "<group>";
		};
		B530141E18BEA8780058779B /* Cabin */ = {
			isa = PBXGroup;
			children = (
				B56243A6199FC9C7007E5924 /* Helper */,
				B54AF52718BEB503003A4D2F /* images */,
				B530142718BEA8780058779B /* AppDelegate.h */,
				B530142818BEA8780058779B /* AppDelegate.m */,
				B530142A18BEA8780058779B /* Main.storyboard */,
				B530142D18BEA8780058779B /* MainViewController.h */,
				B530142E18BEA8780058779B /* MainViewController.m */,
				B530143018BEA8780058779B /* Images.xcassets */,
				B54AF53318BED578003A4D2F /* TestViewDelegate.h */,
				B5EE3C9218BEB01A00D5D60A /* TestViewController.h */,
				B5EE3C9318BEB01A00D5D60A /* TestViewController.m */,
				B54AF53018BED1A6003A4D2F /* TestCompleteViewController.h */,
				B54AF53118BED1A6003A4D2F /* TestCompleteViewController.m */,
				B55F13901901F78C00F6FA0D /* SettingsViewController.h */,
				B55F13911901F78C00F6FA0D /* SettingsViewController.m */,
				B54AF53D18BEF38C003A4D2F /* ResultListController.h */,
				B54AF53E18BEF38C003A4D2F /* ResultListController.m */,
				B54AF52D18BECCB0003A4D2F /* TestSample.h */,
				B54AF52E18BECCB0003A4D2F /* TestSample.m */,
				B54AF53418BED8BF003A4D2F /* TestResult.h */,
				B54AF53518BED8BF003A4D2F /* TestResult.m */,
				B54AF53718BEED49003A4D2F /* NSDictionary+JSON.h */,
				B54AF53818BEED49003A4D2F /* NSDictionary+JSON.m */,
				B54AF52A18BEB6EC003A4D2F /* AboutViewController.h */,
				B54AF52B18BEB6EC003A4D2F /* AboutViewController.m */,
				B530141F18BEA8780058779B /* Supporting Files */,
				B54AF54018BF040C003A4D2F /* DataService.h */,
				B54AF54118BF040C003A4D2F /* DataService.m */,
			);
			path = Cabin;
			sourceTree = "<group>";
		};
		B530141F18BEA8780058779B /* Supporting Files */ = {
			isa = PBXGroup;
			children = (
				B530142018BEA8780058779B /* Cabin-Info.plist */,
				B530142118BEA8780058779B /* InfoPlist.strings */,
				B530142418BEA8780058779B /* main.m */,
				B530142618BEA8780058779B /* Cabin-Prefix.pch */,
			);
			name = "Supporting Files";
			sourceTree = "<group>";
		};
		B530143D18BEA8790058779B /* CabinTests */ = {
			isa = PBXGroup;
			children = (
				B530144318BEA8790058779B /* CabinTests.m */,
				B530143E18BEA8790058779B /* Supporting Files */,
			);
			path = CabinTests;
			sourceTree = "<group>";
		};
		B530143E18BEA8790058779B /* Supporting Files */ = {
			isa = PBXGroup;
			children = (
				B530143F18BEA8790058779B /* CabinTests-Info.plist */,
				B530144018BEA8790058779B /* InfoPlist.strings */,
			);
			name = "Supporting Files";
			sourceTree = "<group>";
		};
		B54AF52718BEB503003A4D2F /* images */ = {
			isa = PBXGroup;
			children = (
				B56243B0199FF33B007E5924 /* cabin_logo.png */,
				B5834EB518D92BEC00E57093 /* cross.png */,
				B5834E6418D91AD700E57093 /* faces */,
				B54AF52818BEB503003A4D2F /* btn_white_dot.png */,
			);
			path = images;
			sourceTree = "<group>";
		};
		B56243A6199FC9C7007E5924 /* Helper */ = {
			isa = PBXGroup;
			children = (
				B56243AD199FEBDE007E5924 /* Base64.h */,
				B56243AE199FEBDE007E5924 /* Base64.m */,
				B56243AA199FC9DD007E5924 /* StringHelper.h */,
				B56243AB199FC9DD007E5924 /* StringHelper.m */,
				B56243A7199FC9C7007E5924 /* DateHelper.h */,
				B56243A8199FC9C7007E5924 /* DateHelper.m */,
			);
			path = Helper;
			sourceTree = "<group>";
		};
		B5834E6418D91AD700E57093 /* faces */ = {
			isa = PBXGroup;
			children = (
				B5834E6518D91AD700E57093 /* 207Fcrop.jpg */,
				B5834E6618D91AD700E57093 /* 207Ncrop.jpg */,
				B5834E6718D91AD700E57093 /* 208Fcrop.jpg */,
				B5834E6818D91AD700E57093 /* 208Ncrop.jpg */,
				B5834E6918D91AD700E57093 /* 213Fcrop.jpg */,
				B5834E6A18D91AD700E57093 /* 213Ncrop.jpg */,
				B5834E6B18D91AD700E57093 /* 217Fcrop.jpg */,
				B5834E6C18D91AD700E57093 /* 217Ncrop.jpg */,
				B5834E6D18D91AD700E57093 /* AF01AFS.jpg */,
				B5834E6E18D91AD700E57093 /* AF01NES.jpg */,
				B5834E6F18D91AD700E57093 /* AF13AFS.jpg */,
				B5834E7018D91AD700E57093 /* AF13NES.jpg */,
				B5834E7118D91AD700E57093 /* AF14AFS.jpg */,
				B5834E7218D91AD700E57093 /* AF14NES.jpg */,
				B5834E7318D91AD700E57093 /* AF19AFS.jpg */,
				B5834E7418D91AD700E57093 /* AF19NES.jpg */,
				B5834E7518D91AD700E57093 /* AF22AFS.jpg */,
				B5834E7618D91AD700E57093 /* AF22NES.jpg */,
				B5834E7718D91AD700E57093 /* AF24AFS.jpg */,
				B5834E7818D91AD700E57093 /* AF24NES.jpg */,
				B5834E7918D91AD700E57093 /* AF30AFS.jpg */,
				B5834E7A18D91AD700E57093 /* AF30NES.jpg */,
				B5834E7B18D91AD700E57093 /* AF32AFS.jpg */,
				B5834E7C18D91AD700E57093 /* AF32NES.jpg */,
				B5834E7D18D91AD700E57093 /* AM09AFS.jpg */,
				B5834E7E18D91AD700E57093 /* AM09NES.jpg */,
				B5834E7F18D91AD700E57093 /* AM10AFS.jpg */,
				B5834E8018D91AD700E57093 /* AM10NES.jpg */,
				B5834E8118D91AD700E57093 /* AM17AFS.jpg */,
				B5834E8218D91AD700E57093 /* AM17NES.jpg */,
				B5834E8318D91AD700E57093 /* AM22AFS.jpg */,
				B5834E8418D91AD700E57093 /* AM22NES.jpg */,
				B5834E8518D91AD700E57093 /* AM23AFS.jpg */,
				B5834E8618D91AD700E57093 /* AM23NES.jpg */,
				B5834E8718D91AD700E57093 /* AM31AFS.jpg */,
				B5834E8818D91AD700E57093 /* AM31NES.jpg */,
				B5834E8918D91AD700E57093 /* AM34AFS.jpg */,
				B5834E8A18D91AD700E57093 /* AM34NES.jpg */,
				B5834E8B18D91AD700E57093 /* AM35AFS.jpg */,
				B5834E8C18D91AD700E57093 /* AM35NES.jpg */,
			);
			path = faces;
			sourceTree = "<group>";
		};
/* End PBXGroup section */

/* Begin PBXNativeTarget section */
		B530141418BEA8780058779B /* Cabin */ = {
			isa = PBXNativeTarget;
			buildConfigurationList = B530144718BEA8790058779B /* Build configuration list for PBXNativeTarget "Cabin" */;
			buildPhases = (
				B530141118BEA8780058779B /* Sources */,
				B530141218BEA8780058779B /* Frameworks */,
				B530141318BEA8780058779B /* Resources */,
			);
			buildRules = (
			);
			dependencies = (
			);
			name = Cabin;
			productName = Cabin;
			productReference = B530141518BEA8780058779B /* Cabin.app */;
			productType = "com.apple.product-type.application";
		};
		B530143518BEA8790058779B /* CabinTests */ = {
			isa = PBXNativeTarget;
			buildConfigurationList = B530144A18BEA8790058779B /* Build configuration list for PBXNativeTarget "CabinTests" */;
			buildPhases = (
				B530143218BEA8790058779B /* Sources */,
				B530143318BEA8790058779B /* Frameworks */,
				B530143418BEA8790058779B /* Resources */,
			);
			buildRules = (
			);
			dependencies = (
				B530143C18BEA8790058779B /* PBXTargetDependency */,
			);
			name = CabinTests;
			productName = CabinTests;
			productReference = B530143618BEA8790058779B /* CabinTests.xctest */;
			productType = "com.apple.product-type.bundle.unit-test";
		};
/* End PBXNativeTarget section */

/* Begin PBXProject section */
		B530140D18BEA8780058779B /* Project object */ = {
			isa = PBXProject;
			attributes = {
				LastUpgradeCheck = 0510;
				ORGANIZATIONNAME = "Northstar New Media";
				TargetAttributes = {
					B530141418BEA8780058779B = {
						DevelopmentTeam = QA7J6G6G38;
					};
					B530143518BEA8790058779B = {
						TestTargetID = B530141418BEA8780058779B;
					};
				};
			};
			buildConfigurationList = B530141018BEA8780058779B /* Build configuration list for PBXProject "Cabin" */;
			compatibilityVersion = "Xcode 3.2";
			developmentRegion = English;
			hasScannedForEncodings = 0;
			knownRegions = (
				en,
				Base,
			);
			mainGroup = B530140C18BEA8780058779B;
			productRefGroup = B530141618BEA8780058779B /* Products */;
			projectDirPath = "";
			projectRoot = "";
			targets = (
				B530141418BEA8780058779B /* Cabin */,
				B530143518BEA8790058779B /* CabinTests */,
			);
		};
/* End PBXProject section */

/* Begin PBXResourcesBuildPhase section */
		B530141318BEA8780058779B /* Resources */ = {
			isa = PBXResourcesBuildPhase;
			buildActionMask = 2147483647;
			files = (
				B56243B1199FF33B007E5924 /* cabin_logo.png in Resources */,
				B5834EB618D92BEC00E57093 /* cross.png in Resources */,
				B530143118BEA8780058779B /* Images.xcassets in Resources */,
				B5834EA618D91AD700E57093 /* AM09NES.jpg in Resources */,
				B5834EAC18D91AD700E57093 /* AM22NES.jpg in Resources */,
				B5834EB118D91AD700E57093 /* AM34AFS.jpg in Resources */,
				B5834EAB18D91AD700E57093 /* AM22AFS.jpg in Resources */,
				B5834EB218D91AD700E57093 /* AM34NES.jpg in Resources */,
				B530142318BEA8780058779B /* InfoPlist.strings in Resources */,
				B5834E9A18D91AD700E57093 /* AF14NES.jpg in Resources */,
				B5834E9318D91AD700E57093 /* 217Fcrop.jpg in Resources */,
				B5834EAE18D91AD700E57093 /* AM23NES.jpg in Resources */,
				B5834E9118D91AD700E57093 /* 213Fcrop.jpg in Resources */,
				B5834EA018D91AD700E57093 /* AF24NES.jpg in Resources */,
				B5834E8D18D91AD700E57093 /* 207Fcrop.jpg in Resources */,
				B54AF52918BEB503003A4D2F /* btn_white_dot.png in Resources */,
				B5834EA218D91AD700E57093 /* AF30NES.jpg in Resources */,
				B5834E9E18D91AD700E57093 /* AF22NES.jpg in Resources */,
				B5834EA118D91AD700E57093 /* AF30AFS.jpg in Resources */,
				B5834E9218D91AD700E57093 /* 213Ncrop.jpg in Resources */,
				B5834EA518D91AD700E57093 /* AM09AFS.jpg in Resources */,
				B5834EA418D91AD700E57093 /* AF32NES.jpg in Resources */,
				B5834EA818D91AD700E57093 /* AM10NES.jpg in Resources */,
				B5834EA318D91AD700E57093 /* AF32AFS.jpg in Resources */,
				B5834E9F18D91AD700E57093 /* AF24AFS.jpg in Resources */,
				B5834E9418D91AD700E57093 /* 217Ncrop.jpg in Resources */,
				B5834EA718D91AD700E57093 /* AM10AFS.jpg in Resources */,
				B5834E9918D91AD700E57093 /* AF14AFS.jpg in Resources */,
				B5834E9618D91AD700E57093 /* AF01NES.jpg in Resources */,
				B5834E9518D91AD700E57093 /* AF01AFS.jpg in Resources */,
				B5834E8F18D91AD700E57093 /* 208Fcrop.jpg in Resources */,
				B5834E9C18D91AD700E57093 /* AF19NES.jpg in Resources */,
				B5834EAD18D91AD700E57093 /* AM23AFS.jpg in Resources */,
				B5834E9818D91AD700E57093 /* AF13NES.jpg in Resources */,
				B5834E9D18D91AD700E57093 /* AF22AFS.jpg in Resources */,
				B5834E8E18D91AD700E57093 /* 207Ncrop.jpg in Resources */,
				B5834EB318D91AD700E57093 /* AM35AFS.jpg in Resources */,
				B530142C18BEA8780058779B /* Main.storyboard in Resources */,
				B5834EA918D91AD700E57093 /* AM17AFS.jpg in Resources */,
				B5834EB018D91AD700E57093 /* AM31NES.jpg in Resources */,
				B5834E9018D91AD700E57093 /* 208Ncrop.jpg in Resources */,
				B5834E9B18D91AD700E57093 /* AF19AFS.jpg in Resources */,
				B5834EAF18D91AD700E57093 /* AM31AFS.jpg in Resources */,
				B5834EAA18D91AD700E57093 /* AM17NES.jpg in Resources */,
				B5834EB418D91AD700E57093 /* AM35NES.jpg in Resources */,
				B5834E9718D91AD700E57093 /* AF13AFS.jpg in Resources */,
			);
			runOnlyForDeploymentPostprocessing = 0;
		};
		B530143418BEA8790058779B /* Resources */ = {
			isa = PBXResourcesBuildPhase;
			buildActionMask = 2147483647;
			files = (
				B530144218BEA8790058779B /* InfoPlist.strings in Resources */,
			);
			runOnlyForDeploymentPostprocessing = 0;
		};
/* End PBXResourcesBuildPhase section */

/* Begin PBXSourcesBuildPhase section */
		B530141118BEA8780058779B /* Sources */ = {
			isa = PBXSourcesBuildPhase;
			buildActionMask = 2147483647;
			files = (
				B530142F18BEA8780058779B /* MainViewController.m in Sources */,
				B56243AF199FEBDE007E5924 /* Base64.m in Sources */,
				B54AF53918BEED49003A4D2F /* NSDictionary+JSON.m in Sources */,
				B54AF54218BF040C003A4D2F /* DataService.m in Sources */,
				B54AF53218BED1A6003A4D2F /* TestCompleteViewController.m in Sources */,
				B56243AC199FC9DD007E5924 /* StringHelper.m in Sources */,
				B54AF52C18BEB6EC003A4D2F /* AboutViewController.m in Sources */,
				B530142918BEA8780058779B /* AppDelegate.m in Sources */,
				B54AF52F18BECCB0003A4D2F /* TestSample.m in Sources */,
				B54AF53F18BEF38C003A4D2F /* ResultListController.m in Sources */,
				B5EE3C9418BEB01A00D5D60A /* TestViewController.m in Sources */,
				B54AF53618BED8BF003A4D2F /* TestResult.m in Sources */,
				B56243A9199FC9C7007E5924 /* DateHelper.m in Sources */,
				B530142518BEA8780058779B /* main.m in Sources */,
				B55F13921901F78C00F6FA0D /* SettingsViewController.m in Sources */,
			);
			runOnlyForDeploymentPostprocessing = 0;
		};
		B530143218BEA8790058779B /* Sources */ = {
			isa = PBXSourcesBuildPhase;
			buildActionMask = 2147483647;
			files = (
				B530144418BEA8790058779B /* CabinTests.m in Sources */,
			);
			runOnlyForDeploymentPostprocessing = 0;
		};
/* End PBXSourcesBuildPhase section */

/* Begin PBXTargetDependency section */
		B530143C18BEA8790058779B /* PBXTargetDependency */ = {
			isa = PBXTargetDependency;
			target = B530141418BEA8780058779B /* Cabin */;
			targetProxy = B530143B18BEA8790058779B /* PBXContainerItemProxy */;
		};
/* End PBXTargetDependency section */

/* Begin PBXVariantGroup section */
		B530142118BEA8780058779B /* InfoPlist.strings */ = {
			isa = PBXVariantGroup;
			children = (
				B530142218BEA8780058779B /* en */,
			);
			name = InfoPlist.strings;
			sourceTree = "<group>";
		};
		B530142A18BEA8780058779B /* Main.storyboard */ = {
			isa = PBXVariantGroup;
			children = (
				B530142B18BEA8780058779B /* Base */,
			);
			name = Main.storyboard;
			sourceTree = "<group>";
		};
		B530144018BEA8790058779B /* InfoPlist.strings */ = {
			isa = PBXVariantGroup;
			children = (
				B530144118BEA8790058779B /* en */,
			);
			name = InfoPlist.strings;
			sourceTree = "<group>";
		};
/* End PBXVariantGroup section */

/* Begin XCBuildConfiguration section */
		B530144518BEA8790058779B /* Debug */ = {
			isa = XCBuildConfiguration;
			buildSettings = {
				ALWAYS_SEARCH_USER_PATHS = NO;
				CLANG_CXX_LANGUAGE_STANDARD = "gnu++0x";
				CLANG_CXX_LIBRARY = "libc++";
				CLANG_ENABLE_MODULES = YES;
				CLANG_ENABLE_OBJC_ARC = YES;
				CLANG_WARN_BOOL_CONVERSION = YES;
				CLANG_WARN_CONSTANT_CONVERSION = YES;
				CLANG_WARN_DIRECT_OBJC_ISA_USAGE = YES_ERROR;
				CLANG_WARN_EMPTY_BODY = YES;
				CLANG_WARN_ENUM_CONVERSION = YES;
				CLANG_WARN_INT_CONVERSION = YES;
				CLANG_WARN_OBJC_ROOT_CLASS = YES_ERROR;
				CLANG_WARN__DUPLICATE_METHOD_MATCH = YES;
				"CODE_SIGN_IDENTITY[sdk=iphoneos*]" = "iPhone Developer";
				COPY_PHASE_STRIP = NO;
				GCC_C_LANGUAGE_STANDARD = gnu99;
				GCC_DYNAMIC_NO_PIC = NO;
				GCC_OPTIMIZATION_LEVEL = 0;
				GCC_PREPROCESSOR_DEFINITIONS = (
					"DEBUG=1",
					"$(inherited)",
				);
				GCC_SYMBOLS_PRIVATE_EXTERN = NO;
				GCC_WARN_64_TO_32_BIT_CONVERSION = YES;
				GCC_WARN_ABOUT_RETURN_TYPE = YES_ERROR;
				GCC_WARN_UNDECLARED_SELECTOR = YES;
				GCC_WARN_UNINITIALIZED_AUTOS = YES;
				GCC_WARN_UNUSED_FUNCTION = YES;
				GCC_WARN_UNUSED_VARIABLE = YES;
				IPHONEOS_DEPLOYMENT_TARGET = 7.0;
				ONLY_ACTIVE_ARCH = YES;
				SDKROOT = iphoneos;
			};
			name = Debug;
		};
		B530144618BEA8790058779B /* Release */ = {
			isa = XCBuildConfiguration;
			buildSettings = {
				ALWAYS_SEARCH_USER_PATHS = NO;
				CLANG_CXX_LANGUAGE_STANDARD = "gnu++0x";
				CLANG_CXX_LIBRARY = "libc++";
				CLANG_ENABLE_MODULES = YES;
				CLANG_ENABLE_OBJC_ARC = YES;
				CLANG_WARN_BOOL_CONVERSION = YES;
				CLANG_WARN_CONSTANT_CONVERSION = YES;
				CLANG_WARN_DIRECT_OBJC_ISA_USAGE = YES_ERROR;
				CLANG_WARN_EMPTY_BODY = YES;
				CLANG_WARN_ENUM_CONVERSION = YES;
				CLANG_WARN_INT_CONVERSION = YES;
				CLANG_WARN_OBJC_ROOT_CLASS = YES_ERROR;
				CLANG_WARN__DUPLICATE_METHOD_MATCH = YES;
				"CODE_SIGN_IDENTITY[sdk=iphoneos*]" = "iPhone Developer";
				COPY_PHASE_STRIP = YES;
				ENABLE_NS_ASSERTIONS = NO;
				GCC_C_LANGUAGE_STANDARD = gnu99;
				GCC_WARN_64_TO_32_BIT_CONVERSION = YES;
				GCC_WARN_ABOUT_RETURN_TYPE = YES_ERROR;
				GCC_WARN_UNDECLARED_SELECTOR = YES;
				GCC_WARN_UNINITIALIZED_AUTOS = YES;
				GCC_WARN_UNUSED_FUNCTION = YES;
				GCC_WARN_UNUSED_VARIABLE = YES;
				IPHONEOS_DEPLOYMENT_TARGET = 7.0;
				SDKROOT = iphoneos;
				VALIDATE_PRODUCT = YES;
			};
			name = Release;
		};
		B530144818BEA8790058779B /* Debug */ = {
			isa = XCBuildConfiguration;
			buildSettings = {
				ASSETCATALOG_COMPILER_APPICON_NAME = AppIcon;
				ASSETCATALOG_COMPILER_LAUNCHIMAGE_NAME = LaunchImage;
				CODE_SIGN_IDENTITY = "iPhone Developer";
				"CODE_SIGN_IDENTITY[sdk=iphoneos*]" = "iPhone Developer";
				GCC_PRECOMPILE_PREFIX_HEADER = YES;
				GCC_PREFIX_HEADER = "Cabin/Cabin-Prefix.pch";
				INFOPLIST_FILE = "Cabin/Cabin-Info.plist";
				IPHONEOS_DEPLOYMENT_TARGET = 7.0;
				PRODUCT_NAME = "$(TARGET_NAME)";
				PROVISIONING_PROFILE = "";
				WRAPPER_EXTENSION = app;
			};
			name = Debug;
		};
		B530144918BEA8790058779B /* Release */ = {
			isa = XCBuildConfiguration;
			buildSettings = {
				ASSETCATALOG_COMPILER_APPICON_NAME = AppIcon;
				ASSETCATALOG_COMPILER_LAUNCHIMAGE_NAME = LaunchImage;
				CODE_SIGN_IDENTITY = "iPhone Developer";
				"CODE_SIGN_IDENTITY[sdk=iphoneos*]" = "iPhone Developer";
				GCC_PRECOMPILE_PREFIX_HEADER = YES;
				GCC_PREFIX_HEADER = "Cabin/Cabin-Prefix.pch";
				INFOPLIST_FILE = "Cabin/Cabin-Info.plist";
				IPHONEOS_DEPLOYMENT_TARGET = 7.0;
				PRODUCT_NAME = "$(TARGET_NAME)";
				PROVISIONING_PROFILE = "";
				WRAPPER_EXTENSION = app;
			};
			name = Release;
		};
		B530144B18BEA8790058779B /* Debug */ = {
			isa = XCBuildConfiguration;
			buildSettings = {
				BUNDLE_LOADER = "$(BUILT_PRODUCTS_DIR)/Cabin.app/Cabin";
				FRAMEWORK_SEARCH_PATHS = (
					"$(SDKROOT)/Developer/Library/Frameworks",
					"$(inherited)",
					"$(DEVELOPER_FRAMEWORKS_DIR)",
				);
				GCC_PRECOMPILE_PREFIX_HEADER = YES;
				GCC_PREFIX_HEADER = "Cabin/Cabin-Prefix.pch";
				GCC_PREPROCESSOR_DEFINITIONS = (
					"DEBUG=1",
					"$(inherited)",
				);
				INFOPLIST_FILE = "CabinTests/CabinTests-Info.plist";
				PRODUCT_NAME = "$(TARGET_NAME)";
				TEST_HOST = "$(BUNDLE_LOADER)";
				WRAPPER_EXTENSION = xctest;
			};
			name = Debug;
		};
		B530144C18BEA8790058779B /* Release */ = {
			isa = XCBuildConfiguration;
			buildSettings = {
				BUNDLE_LOADER = "$(BUILT_PRODUCTS_DIR)/Cabin.app/Cabin";
				FRAMEWORK_SEARCH_PATHS = (
					"$(SDKROOT)/Developer/Library/Frameworks",
					"$(inherited)",
					"$(DEVELOPER_FRAMEWORKS_DIR)",
				);
				GCC_PRECOMPILE_PREFIX_HEADER = YES;
				GCC_PREFIX_HEADER = "Cabin/Cabin-Prefix.pch";
				INFOPLIST_FILE = "CabinTests/CabinTests-Info.plist";
				PRODUCT_NAME = "$(TARGET_NAME)";
				TEST_HOST = "$(BUNDLE_LOADER)";
				WRAPPER_EXTENSION = xctest;
			};
			name = Release;
		};
/* End XCBuildConfiguration section */

/* Begin XCConfigurationList section */
		B530141018BEA8780058779B /* Build configuration list for PBXProject "Cabin" */ = {
			isa = XCConfigurationList;
			buildConfigurations = (
				B530144518BEA8790058779B /* Debug */,
				B530144618BEA8790058779B /* Release */,
			);
			defaultConfigurationIsVisible = 0;
			defaultConfigurationName = Release;
		};
		B530144718BEA8790058779B /* Build configuration list for PBXNativeTarget "Cabin" */ = {
			isa = XCConfigurationList;
			buildConfigurations = (
				B530144818BEA8790058779B /* Debug */,
				B530144918BEA8790058779B /* Release */,
			);
			defaultConfigurationIsVisible = 0;
			defaultConfigurationName = Release;
		};
		B530144A18BEA8790058779B /* Build configuration list for PBXNativeTarget "CabinTests" */ = {
			isa = XCConfigurationList;
			buildConfigurations = (
				B530144B18BEA8790058779B /* Debug */,
				B530144C18BEA8790058779B /* Release */,
			);
			defaultConfigurationIsVisible = 0;
			defaultConfigurationName = Release;
		};
/* End XCConfigurationList section */
	};
	rootObject = B530140D18BEA8780058779B /* Project object */;
}
